
Microsoft Visual Studio Solution File, Format Version 12.00
Project("{FAE04EC0-301F-11D3-BF4B-00C04F79EFBC}") = "cw3-s30793", "cw3-s30793\cw3-s30793.csproj", "{1663798A-044F-4E3F-8A1F-220FB23A97D4}"
EndProject
Global
	GlobalSection(SolutionConfigurationPlatforms) = preSolution
		Debug|Any CPU = Debug|Any CPU
		Release|Any CPU = Release|Any CPU
	EndGlobalSection
	GlobalSection(ProjectConfigurationPlatforms) = postSolution
		{1663798A-044F-4E3F-8A1F-220FB23A97D4}.Debug|Any CPU.ActiveCfg = Debug|Any CPU
		{1663798A-044F-4E3F-8A1F-220FB23A97D4}.Debug|Any CPU.Build.0 = Debug|Any CPU
		{1663798A-044F-4E3F-8A1F-220FB23A97D4}.Release|Any CPU.ActiveCfg = Release|Any CPU
		{1663798A-044F-4E3F-8A1F-220FB23A97D4}.Release|Any CPU.Build.0 = Release|Any CPU
	EndGlobalSection
EndGlobal
